
Microsoft Visual Studio Solution File, Format Version 12.00
# Visual Studio Version 17
VisualStudioVersion = 17.2.32505.173
MinimumVisualStudioVersion = 10.0.40219.1
Project("{FAE04EC0-301F-11D3-BF4B-00C04F79EFBC}") = "scrum-web", "scrum-web\scrum-web.csproj", "{4337511A-768C-4009-A0E6-C47A0ED47392}"
EndProject
Global
	GlobalSection(SolutionConfigurationPlatforms) = preSolution
		Debug|Any CPU = Debug|Any CPU
		Release|Any CPU = Release|Any CPU
	EndGlobalSection
	GlobalSection(ProjectConfigurationPlatforms) = postSolution
		{4337511A-768C-4009-A0E6-C47A0ED47392}.Debug|Any CPU.ActiveCfg = Debug|Any CPU
		{4337511A-768C-4009-A0E6-C47A0ED47392}.Debug|Any CPU.Build.0 = Debug|Any CPU
		{4337511A-768C-4009-A0E6-C47A0ED47392}.Release|Any CPU.ActiveCfg = Release|Any CPU
		{4337511A-768C-4009-A0E6-C47A0ED47392}.Release|Any CPU.Build.0 = Release|Any CPU
	EndGlobalSection
	GlobalSection(SolutionProperties) = preSolution
		HideSolutionNode = FALSE
	EndGlobalSection
	GlobalSection(ExtensibilityGlobals) = postSolution
		SolutionGuid = {01819313-9201-4C89-A9C2-DF0FA042B7AF}
	EndGlobalSection
EndGlobal
